// !$*UTF8*$!
{
	archiveVersion = 1;
	classes = {
	};
	objectVersion = 48;
	objects = {

/* Begin PBXBuildFile section */
		1058E04851AF2D495C564B9B /* Pods_GiphyViewerTests.framework in Frameworks */ = {isa = PBXBuildFile; fileRef = 0329732AB0C4C1AE2D8B0CA6 /* Pods_GiphyViewerTests.framework */; };
		1DEAD62B3A5627E2731BA1C5 /* Pods_GiphyViewer.framework in Frameworks */ = {isa = PBXBuildFile; fileRef = 66953508F7535D4B1497A8C6 /* Pods_GiphyViewer.framework */; };
		20BCEF17FCDD14F68DE13229 /* Pods_GiphyViewerUITests.framework in Frameworks */ = {isa = PBXBuildFile; fileRef = DA806E6EB8240F7DD8043A15 /* Pods_GiphyViewerUITests.framework */; };
		E4091E092087A91800311766 /* TrendingCollectionViewController.swift in Sources */ = {isa = PBXBuildFile; fileRef = E4091E082087A91800311766 /* TrendingCollectionViewController.swift */; };
		E4091E0B2087AD1700311766 /* GiphyCollectionViewCell.swift in Sources */ = {isa = PBXBuildFile; fileRef = E4091E0A2087AD1700311766 /* GiphyCollectionViewCell.swift */; };
		E4091E102087D46F00311766 /* GiphyGif.swift in Sources */ = {isa = PBXBuildFile; fileRef = E4091E0C2087D46E00311766 /* GiphyGif.swift */; };
		E4091E112087D46F00311766 /* GiphyGif.swift in Sources */ = {isa = PBXBuildFile; fileRef = E4091E0C2087D46E00311766 /* GiphyGif.swift */; };
		E4091E122087D46F00311766 /* GiphyViewModel.swift in Sources */ = {isa = PBXBuildFile; fileRef = E4091E0D2087D46E00311766 /* GiphyViewModel.swift */; };
		E4091E132087D46F00311766 /* GiphyViewModel.swift in Sources */ = {isa = PBXBuildFile; fileRef = E4091E0D2087D46E00311766 /* GiphyViewModel.swift */; };
		E4091E142087D46F00311766 /* GiphyAPIManager.swift in Sources */ = {isa = PBXBuildFile; fileRef = E4091E0E2087D46F00311766 /* GiphyAPIManager.swift */; };
		E4091E152087D46F00311766 /* GiphyAPIManager.swift in Sources */ = {isa = PBXBuildFile; fileRef = E4091E0E2087D46F00311766 /* GiphyAPIManager.swift */; };
		E4091E162087D46F00311766 /* GiphyImage.swift in Sources */ = {isa = PBXBuildFile; fileRef = E4091E0F2087D46F00311766 /* GiphyImage.swift */; };
		E4091E172087D46F00311766 /* GiphyImage.swift in Sources */ = {isa = PBXBuildFile; fileRef = E4091E0F2087D46F00311766 /* GiphyImage.swift */; };
		E42B95422087EC99004655B8 /* GiphyDetailViewController.swift in Sources */ = {isa = PBXBuildFile; fileRef = E42B95412087EC99004655B8 /* GiphyDetailViewController.swift */; };
		E4A10EFC2083E5E6008A0286 /* AppDelegate.swift in Sources */ = {isa = PBXBuildFile; fileRef = E4A10EFB2083E5E6008A0286 /* AppDelegate.swift */; };
		E4A10EFE2083E5E6008A0286 /* ViewController.swift in Sources */ = {isa = PBXBuildFile; fileRef = E4A10EFD2083E5E6008A0286 /* ViewController.swift */; };
		E4A10F012083E5E6008A0286 /* Main.storyboard in Resources */ = {isa = PBXBuildFile; fileRef = E4A10EFF2083E5E6008A0286 /* Main.storyboard */; };
		E4A10F032083E5E6008A0286 /* Assets.xcassets in Resources */ = {isa = PBXBuildFile; fileRef = E4A10F022083E5E6008A0286 /* Assets.xcassets */; };
		E4A10F062083E5E6008A0286 /* LaunchScreen.storyboard in Resources */ = {isa = PBXBuildFile; fileRef = E4A10F042083E5E6008A0286 /* LaunchScreen.storyboard */; };
		E4A10F112083E5E6008A0286 /* GiphyViewerTests.swift in Sources */ = {isa = PBXBuildFile; fileRef = E4A10F102083E5E6008A0286 /* GiphyViewerTests.swift */; };
		E4A10F1C2083E5E6008A0286 /* GiphyViewerUITests.swift in Sources */ = {isa = PBXBuildFile; fileRef = E4A10F1B2083E5E6008A0286 /* GiphyViewerUITests.swift */; };
/* End PBXBuildFile section */

/* Begin PBXContainerItemProxy section */
		E4A10F0D2083E5E6008A0286 /* PBXContainerItemProxy */ = {
			isa = PBXContainerItemProxy;
			containerPortal = E4A10EF02083E5E6008A0286 /* Project object */;
			proxyType = 1;
			remoteGlobalIDString = E4A10EF72083E5E6008A0286;
			remoteInfo = GiphyViewer;
		};
		E4A10F182083E5E6008A0286 /* PBXContainerItemProxy */ = {
			isa = PBXContainerItemProxy;
			containerPortal = E4A10EF02083E5E6008A0286 /* Project object */;
			proxyType = 1;
			remoteGlobalIDString = E4A10EF72083E5E6008A0286;
			remoteInfo = GiphyViewer;
		};
/* End PBXContainerItemProxy section */

/* Begin PBXFileReference section */
		0329732AB0C4C1AE2D8B0CA6 /* Pods_GiphyViewerTests.framework */ = {isa = PBXFileReference; explicitFileType = wrapper.framework; includeInIndex = 0; path = Pods_GiphyViewerTests.framework; sourceTree = BUILT_PRODUCTS_DIR; };
		275F332E46729ECBD7FBC351 /* Pods-GiphyViewerUITests.debug.xcconfig */ = {isa = PBXFileReference; includeInIndex = 1; lastKnownFileType = text.xcconfig; name = "Pods-GiphyViewerUITests.debug.xcconfig"; path = "Pods/Target Support Files/Pods-GiphyViewerUITests/Pods-GiphyViewerUITests.debug.xcconfig"; sourceTree = "<group>"; };
		33665E6698872E0A52D86C9F /* Pods-GiphyViewerUITests.release.xcconfig */ = {isa = PBXFileReference; includeInIndex = 1; lastKnownFileType = text.xcconfig; name = "Pods-GiphyViewerUITests.release.xcconfig"; path = "Pods/Target Support Files/Pods-GiphyViewerUITests/Pods-GiphyViewerUITests.release.xcconfig"; sourceTree = "<group>"; };
		66953508F7535D4B1497A8C6 /* Pods_GiphyViewer.framework */ = {isa = PBXFileReference; explicitFileType = wrapper.framework; includeInIndex = 0; path = Pods_GiphyViewer.framework; sourceTree = BUILT_PRODUCTS_DIR; };
		7B0CD60DB1B3F9105B35E570 /* Pods-GiphyViewerTests.release.xcconfig */ = {isa = PBXFileReference; includeInIndex = 1; lastKnownFileType = text.xcconfig; name = "Pods-GiphyViewerTests.release.xcconfig"; path = "Pods/Target Support Files/Pods-GiphyViewerTests/Pods-GiphyViewerTests.release.xcconfig"; sourceTree = "<group>"; };
		7E2978FDD0AABF2D705F380C /* Pods-GiphyViewer.release.xcconfig */ = {isa = PBXFileReference; includeInIndex = 1; lastKnownFileType = text.xcconfig; name = "Pods-GiphyViewer.release.xcconfig"; path = "Pods/Target Support Files/Pods-GiphyViewer/Pods-GiphyViewer.release.xcconfig"; sourceTree = "<group>"; };
		8F642F88FA684E23FE41063E /* Pods-GiphyViewer.debug.xcconfig */ = {isa = PBXFileReference; includeInIndex = 1; lastKnownFileType = text.xcconfig; name = "Pods-GiphyViewer.debug.xcconfig"; path = "Pods/Target Support Files/Pods-GiphyViewer/Pods-GiphyViewer.debug.xcconfig"; sourceTree = "<group>"; };
		DA806E6EB8240F7DD8043A15 /* Pods_GiphyViewerUITests.framework */ = {isa = PBXFileReference; explicitFileType = wrapper.framework; includeInIndex = 0; path = Pods_GiphyViewerUITests.framework; sourceTree = BUILT_PRODUCTS_DIR; };
		E4091E082087A91800311766 /* TrendingCollectionViewController.swift */ = {isa = PBXFileReference; lastKnownFileType = sourcecode.swift; path = TrendingCollectionViewController.swift; sourceTree = "<group>"; };
		E4091E0A2087AD1700311766 /* GiphyCollectionViewCell.swift */ = {isa = PBXFileReference; lastKnownFileType = sourcecode.swift; path = GiphyCollectionViewCell.swift; sourceTree = "<group>"; };
		E4091E0C2087D46E00311766 /* GiphyGif.swift */ = {isa = PBXFileReference; fileEncoding = 4; lastKnownFileType = sourcecode.swift; path = GiphyGif.swift; sourceTree = "<group>"; };
		E4091E0D2087D46E00311766 /* GiphyViewModel.swift */ = {isa = PBXFileReference; fileEncoding = 4; lastKnownFileType = sourcecode.swift; path = GiphyViewModel.swift; sourceTree = "<group>"; };
		E4091E0E2087D46F00311766 /* GiphyAPIManager.swift */ = {isa = PBXFileReference; fileEncoding = 4; lastKnownFileType = sourcecode.swift; path = GiphyAPIManager.swift; sourceTree = "<group>"; };
		E4091E0F2087D46F00311766 /* GiphyImage.swift */ = {isa = PBXFileReference; fileEncoding = 4; lastKnownFileType = sourcecode.swift; path = GiphyImage.swift; sourceTree = "<group>"; };
		E42B95412087EC99004655B8 /* GiphyDetailViewController.swift */ = {isa = PBXFileReference; lastKnownFileType = sourcecode.swift; path = GiphyDetailViewController.swift; sourceTree = "<group>"; };
		E4A10EF82083E5E6008A0286 /* GiphyViewer.app */ = {isa = PBXFileReference; explicitFileType = wrapper.application; includeInIndex = 0; path = GiphyViewer.app; sourceTree = BUILT_PRODUCTS_DIR; };
		E4A10EFB2083E5E6008A0286 /* AppDelegate.swift */ = {isa = PBXFileReference; lastKnownFileType = sourcecode.swift; path = AppDelegate.swift; sourceTree = "<group>"; };
		E4A10EFD2083E5E6008A0286 /* ViewController.swift */ = {isa = PBXFileReference; lastKnownFileType = sourcecode.swift; path = ViewController.swift; sourceTree = "<group>"; };
		E4A10F002083E5E6008A0286 /* Base */ = {isa = PBXFileReference; lastKnownFileType = file.storyboard; name = Base; path = Base.lproj/Main.storyboard; sourceTree = "<group>"; };
		E4A10F022083E5E6008A0286 /* Assets.xcassets */ = {isa = PBXFileReference; lastKnownFileType = folder.assetcatalog; path = Assets.xcassets; sourceTree = "<group>"; };
		E4A10F052083E5E6008A0286 /* Base */ = {isa = PBXFileReference; lastKnownFileType = file.storyboard; name = Base; path = Base.lproj/LaunchScreen.storyboard; sourceTree = "<group>"; };
		E4A10F072083E5E6008A0286 /* Info.plist */ = {isa = PBXFileReference; lastKnownFileType = text.plist.xml; path = Info.plist; sourceTree = "<group>"; };
		E4A10F0C2083E5E6008A0286 /* GiphyViewerTests.xctest */ = {isa = PBXFileReference; explicitFileType = wrapper.cfbundle; includeInIndex = 0; path = GiphyViewerTests.xctest; sourceTree = BUILT_PRODUCTS_DIR; };
		E4A10F102083E5E6008A0286 /* GiphyViewerTests.swift */ = {isa = PBXFileReference; lastKnownFileType = sourcecode.swift; path = GiphyViewerTests.swift; sourceTree = "<group>"; };
		E4A10F122083E5E6008A0286 /* Info.plist */ = {isa = PBXFileReference; lastKnownFileType = text.plist.xml; path = Info.plist; sourceTree = "<group>"; };
		E4A10F172083E5E6008A0286 /* GiphyViewerUITests.xctest */ = {isa = PBXFileReference; explicitFileType = wrapper.cfbundle; includeInIndex = 0; path = GiphyViewerUITests.xctest; sourceTree = BUILT_PRODUCTS_DIR; };
		E4A10F1B2083E5E6008A0286 /* GiphyViewerUITests.swift */ = {isa = PBXFileReference; lastKnownFileType = sourcecode.swift; path = GiphyViewerUITests.swift; sourceTree = "<group>"; };
		E4A10F1D2083E5E6008A0286 /* Info.plist */ = {isa = PBXFileReference; lastKnownFileType = text.plist.xml; path = Info.plist; sourceTree = "<group>"; };
		F2DFC623F747F8A17B6D8E2C /* Pods-GiphyViewerTests.debug.xcconfig */ = {isa = PBXFileReference; includeInIndex = 1; lastKnownFileType = text.xcconfig; name = "Pods-GiphyViewerTests.debug.xcconfig"; path = "Pods/Target Support Files/Pods-GiphyViewerTests/Pods-GiphyViewerTests.debug.xcconfig"; sourceTree = "<group>"; };
/* End PBXFileReference section */

/* Begin PBXFrameworksBuildPhase section */
		E4A10EF52083E5E6008A0286 /* Frameworks */ = {
			isa = PBXFrameworksBuildPhase;
			buildActionMask = 2147483647;
			files = (
				1DEAD62B3A5627E2731BA1C5 /* Pods_GiphyViewer.framework in Frameworks */,
			);
			runOnlyForDeploymentPostprocessing = 0;
		};
		E4A10F092083E5E6008A0286 /* Frameworks */ = {
			isa = PBXFrameworksBuildPhase;
			buildActionMask = 2147483647;
			files = (
				1058E04851AF2D495C564B9B /* Pods_GiphyViewerTests.framework in Frameworks */,
			);
			runOnlyForDeploymentPostprocessing = 0;
		};
		E4A10F142083E5E6008A0286 /* Frameworks */ = {
			isa = PBXFrameworksBuildPhase;
			buildActionMask = 2147483647;
			files = (
				20BCEF17FCDD14F68DE13229 /* Pods_GiphyViewerUITests.framework in Frameworks */,
			);
			runOnlyForDeploymentPostprocessing = 0;
		};
/* End PBXFrameworksBuildPhase section */

/* Begin PBXGroup section */
		8D2A4D6EAADDE4DAB4649FAE /* Pods */ = {
			isa = PBXGroup;
			children = (
				8F642F88FA684E23FE41063E /* Pods-GiphyViewer.debug.xcconfig */,
				7E2978FDD0AABF2D705F380C /* Pods-GiphyViewer.release.xcconfig */,
				F2DFC623F747F8A17B6D8E2C /* Pods-GiphyViewerTests.debug.xcconfig */,
				7B0CD60DB1B3F9105B35E570 /* Pods-GiphyViewerTests.release.xcconfig */,
				275F332E46729ECBD7FBC351 /* Pods-GiphyViewerUITests.debug.xcconfig */,
				33665E6698872E0A52D86C9F /* Pods-GiphyViewerUITests.release.xcconfig */,
			);
			name = Pods;
			sourceTree = "<group>";
		};
		B151702A898F7EA8DF2ED1D4 /* Frameworks */ = {
			isa = PBXGroup;
			children = (
				66953508F7535D4B1497A8C6 /* Pods_GiphyViewer.framework */,
				0329732AB0C4C1AE2D8B0CA6 /* Pods_GiphyViewerTests.framework */,
				DA806E6EB8240F7DD8043A15 /* Pods_GiphyViewerUITests.framework */,
			);
			name = Frameworks;
			sourceTree = "<group>";
		};
		E4A10EEF2083E5E6008A0286 = {
			isa = PBXGroup;
			children = (
				E4A10EFA2083E5E6008A0286 /* GiphyViewer */,
				E4A10F0F2083E5E6008A0286 /* GiphyViewerTests */,
				E4A10F1A2083E5E6008A0286 /* GiphyViewerUITests */,
				E4A10EF92083E5E6008A0286 /* Products */,
				8D2A4D6EAADDE4DAB4649FAE /* Pods */,
				B151702A898F7EA8DF2ED1D4 /* Frameworks */,
			);
			sourceTree = "<group>";
		};
		E4A10EF92083E5E6008A0286 /* Products */ = {
			isa = PBXGroup;
			children = (
				E4A10EF82083E5E6008A0286 /* GiphyViewer.app */,
				E4A10F0C2083E5E6008A0286 /* GiphyViewerTests.xctest */,
				E4A10F172083E5E6008A0286 /* GiphyViewerUITests.xctest */,
			);
			name = Products;
			sourceTree = "<group>";
		};
		E4A10EFA2083E5E6008A0286 /* GiphyViewer */ = {
			isa = PBXGroup;
			children = (
				E4091E0E2087D46F00311766 /* GiphyAPIManager.swift */,
				E4091E0C2087D46E00311766 /* GiphyGif.swift */,
				E4091E0F2087D46F00311766 /* GiphyImage.swift */,
				E4091E0D2087D46E00311766 /* GiphyViewModel.swift */,
				E4A10EFB2083E5E6008A0286 /* AppDelegate.swift */,
				E4A10EFD2083E5E6008A0286 /* ViewController.swift */,
				E4A10EFF2083E5E6008A0286 /* Main.storyboard */,
				E42B95412087EC99004655B8 /* GiphyDetailViewController.swift */,
				E4A10F022083E5E6008A0286 /* Assets.xcassets */,
				E4A10F042083E5E6008A0286 /* LaunchScreen.storyboard */,
				E4A10F072083E5E6008A0286 /* Info.plist */,
				E4091E082087A91800311766 /* TrendingCollectionViewController.swift */,
				E4091E0A2087AD1700311766 /* GiphyCollectionViewCell.swift */,
			);
			path = GiphyViewer;
			sourceTree = "<group>";
		};
		E4A10F0F2083E5E6008A0286 /* GiphyViewerTests */ = {
			isa = PBXGroup;
			children = (
				E4A10F102083E5E6008A0286 /* GiphyViewerTests.swift */,
				E4A10F122083E5E6008A0286 /* Info.plist */,
			);
			path = GiphyViewerTests;
			sourceTree = "<group>";
		};
		E4A10F1A2083E5E6008A0286 /* GiphyViewerUITests */ = {
			isa = PBXGroup;
			children = (
				E4A10F1B2083E5E6008A0286 /* GiphyViewerUITests.swift */,
				E4A10F1D2083E5E6008A0286 /* Info.plist */,
			);
			path = GiphyViewerUITests;
			sourceTree = "<group>";
		};
/* End PBXGroup section */

/* Begin PBXNativeTarget section */
		E4A10EF72083E5E6008A0286 /* GiphyViewer */ = {
			isa = PBXNativeTarget;
			buildConfigurationList = E4A10F202083E5E6008A0286 /* Build configuration list for PBXNativeTarget "GiphyViewer" */;
			buildPhases = (
				461A24AEFFA3F42773D28E80 /* [CP] Check Pods Manifest.lock */,
				E4A10EF42083E5E6008A0286 /* Sources */,
				E4A10EF52083E5E6008A0286 /* Frameworks */,
				E4A10EF62083E5E6008A0286 /* Resources */,
				A48FEBEDFECD05D7F8CBA186 /* [CP] Embed Pods Frameworks */,
			);
			buildRules = (
			);
			dependencies = (
			);
			name = GiphyViewer;
			productName = GiphyViewer;
			productReference = E4A10EF82083E5E6008A0286 /* GiphyViewer.app */;
			productType = "com.apple.product-type.application";
		};
		E4A10F0B2083E5E6008A0286 /* GiphyViewerTests */ = {
			isa = PBXNativeTarget;
			buildConfigurationList = E4A10F232083E5E6008A0286 /* Build configuration list for PBXNativeTarget "GiphyViewerTests" */;
			buildPhases = (
				8F61D9AB91B6309AF528F6A9 /* [CP] Check Pods Manifest.lock */,
				E4A10F082083E5E6008A0286 /* Sources */,
				E4A10F092083E5E6008A0286 /* Frameworks */,
				E4A10F0A2083E5E6008A0286 /* Resources */,
			);
			buildRules = (
			);
			dependencies = (
				E4A10F0E2083E5E6008A0286 /* PBXTargetDependency */,
			);
			name = GiphyViewerTests;
			productName = GiphyViewerTests;
			productReference = E4A10F0C2083E5E6008A0286 /* GiphyViewerTests.xctest */;
			productType = "com.apple.product-type.bundle.unit-test";
		};
		E4A10F162083E5E6008A0286 /* GiphyViewerUITests */ = {
			isa = PBXNativeTarget;
			buildConfigurationList = E4A10F262083E5E6008A0286 /* Build configuration list for PBXNativeTarget "GiphyViewerUITests" */;
			buildPhases = (
				DA099F3E26239719D7401840 /* [CP] Check Pods Manifest.lock */,
				E4A10F132083E5E6008A0286 /* Sources */,
				E4A10F142083E5E6008A0286 /* Frameworks */,
				E4A10F152083E5E6008A0286 /* Resources */,
			);
			buildRules = (
			);
			dependencies = (
				E4A10F192083E5E6008A0286 /* PBXTargetDependency */,
			);
			name = GiphyViewerUITests;
			productName = GiphyViewerUITests;
			productReference = E4A10F172083E5E6008A0286 /* GiphyViewerUITests.xctest */;
			productType = "com.apple.product-type.bundle.ui-testing";
		};
/* End PBXNativeTarget section */

/* Begin PBXProject section */
		E4A10EF02083E5E6008A0286 /* Project object */ = {
			isa = PBXProject;
			attributes = {
				LastSwiftUpdateCheck = 0920;
				LastUpgradeCheck = 0920;
				ORGANIZATIONNAME = "Thierry Sansaricq";
				TargetAttributes = {
					E4A10EF72083E5E6008A0286 = {
						CreatedOnToolsVersion = 9.2;
						ProvisioningStyle = Automatic;
					};
					E4A10F0B2083E5E6008A0286 = {
						CreatedOnToolsVersion = 9.2;
						ProvisioningStyle = Automatic;
						TestTargetID = E4A10EF72083E5E6008A0286;
					};
					E4A10F162083E5E6008A0286 = {
						CreatedOnToolsVersion = 9.2;
						ProvisioningStyle = Automatic;
						TestTargetID = E4A10EF72083E5E6008A0286;
					};
				};
			};
			buildConfigurationList = E4A10EF32083E5E6008A0286 /* Build configuration list for PBXProject "GiphyViewer" */;
			compatibilityVersion = "Xcode 8.0";
			developmentRegion = en;
			hasScannedForEncodings = 0;
			knownRegions = (
				en,
				Base,
			);
			mainGroup = E4A10EEF2083E5E6008A0286;
			productRefGroup = E4A10EF92083E5E6008A0286 /* Products */;
			projectDirPath = "";
			projectRoot = "";
			targets = (
				E4A10EF72083E5E6008A0286 /* GiphyViewer */,
				E4A10F0B2083E5E6008A0286 /* GiphyViewerTests */,
				E4A10F162083E5E6008A0286 /* GiphyViewerUITests */,
			);
		};
/* End PBXProject section */

/* Begin PBXResourcesBuildPhase section */
		E4A10EF62083E5E6008A0286 /* Resources */ = {
			isa = PBXResourcesBuildPhase;
			buildActionMask = 2147483647;
			files = (
				E4A10F062083E5E6008A0286 /* LaunchScreen.storyboard in Resources */,
				E4A10F032083E5E6008A0286 /* Assets.xcassets in Resources */,
				E4A10F012083E5E6008A0286 /* Main.storyboard in Resources */,
			);
			runOnlyForDeploymentPostprocessing = 0;
		};
		E4A10F0A2083E5E6008A0286 /* Resources */ = {
			isa = PBXResourcesBuildPhase;
			buildActionMask = 2147483647;
			files = (
			);
			runOnlyForDeploymentPostprocessing = 0;
		};
		E4A10F152083E5E6008A0286 /* Resources */ = {
			isa = PBXResourcesBuildPhase;
			buildActionMask = 2147483647;
			files = (
			);
			runOnlyForDeploymentPostprocessing = 0;
		};
/* End PBXResourcesBuildPhase section */

/* Begin PBXShellScriptBuildPhase section */
		461A24AEFFA3F42773D28E80 /* [CP] Check Pods Manifest.lock */ = {
			isa = PBXShellScriptBuildPhase;
			buildActionMask = 2147483647;
			files = (
			);
			inputPaths = (
				"${PODS_PODFILE_DIR_PATH}/Podfile.lock",
				"${PODS_ROOT}/Manifest.lock",
			);
			name = "[CP] Check Pods Manifest.lock";
			outputPaths = (
				"$(DERIVED_FILE_DIR)/Pods-GiphyViewer-checkManifestLockResult.txt",
			);
			runOnlyForDeploymentPostprocessing = 0;
			shellPath = /bin/sh;
			shellScript = "diff \"${PODS_PODFILE_DIR_PATH}/Podfile.lock\" \"${PODS_ROOT}/Manifest.lock\" > /dev/null\nif [ $? != 0 ] ; then\n    # print error to STDERR\n    echo \"error: The sandbox is not in sync with the Podfile.lock. Run 'pod install' or update your CocoaPods installation.\" >&2\n    exit 1\nfi\n# This output is used by Xcode 'outputs' to avoid re-running this script phase.\necho \"SUCCESS\" > \"${SCRIPT_OUTPUT_FILE_0}\"\n";
			showEnvVarsInLog = 0;
		};
		8F61D9AB91B6309AF528F6A9 /* [CP] Check Pods Manifest.lock */ = {
			isa = PBXShellScriptBuildPhase;
			buildActionMask = 2147483647;
			files = (
			);
			inputPaths = (
				"${PODS_PODFILE_DIR_PATH}/Podfile.lock",
				"${PODS_ROOT}/Manifest.lock",
			);
			name = "[CP] Check Pods Manifest.lock";
			outputPaths = (
				"$(DERIVED_FILE_DIR)/Pods-GiphyViewerTests-checkManifestLockResult.txt",
			);
			runOnlyForDeploymentPostprocessing = 0;
			shellPath = /bin/sh;
			shellScript = "diff \"${PODS_PODFILE_DIR_PATH}/Podfile.lock\" \"${PODS_ROOT}/Manifest.lock\" > /dev/null\nif [ $? != 0 ] ; then\n    # print error to STDERR\n    echo \"error: The sandbox is not in sync with the Podfile.lock. Run 'pod install' or update your CocoaPods installation.\" >&2\n    exit 1\nfi\n# This output is used by Xcode 'outputs' to avoid re-running this script phase.\necho \"SUCCESS\" > \"${SCRIPT_OUTPUT_FILE_0}\"\n";
			showEnvVarsInLog = 0;
		};
		A48FEBEDFECD05D7F8CBA186 /* [CP] Embed Pods Frameworks */ = {
			isa = PBXShellScriptBuildPhase;
			buildActionMask = 2147483647;
			files = (
			);
			inputPaths = (
				"${SRCROOT}/Pods/Target Support Files/Pods-GiphyViewer/Pods-GiphyViewer-frameworks.sh",
				"${BUILT_PRODUCTS_DIR}/SwiftyGif/SwiftyGif.framework",
			);
			name = "[CP] Embed Pods Frameworks";
			outputPaths = (
				"${TARGET_BUILD_DIR}/${FRAMEWORKS_FOLDER_PATH}/SwiftyGif.framework",
			);
			runOnlyForDeploymentPostprocessing = 0;
			shellPath = /bin/sh;
			shellScript = "\"${SRCROOT}/Pods/Target Support Files/Pods-GiphyViewer/Pods-GiphyViewer-frameworks.sh\"\n";
			showEnvVarsInLog = 0;
		};
		DA099F3E26239719D7401840 /* [CP] Check Pods Manifest.lock */ = {
			isa = PBXShellScriptBuildPhase;
			buildActionMask = 2147483647;
			files = (
			);
			inputPaths = (
				"${PODS_PODFILE_DIR_PATH}/Podfile.lock",
				"${PODS_ROOT}/Manifest.lock",
			);
			name = "[CP] Check Pods Manifest.lock";
			outputPaths = (
				"$(DERIVED_FILE_DIR)/Pods-GiphyViewerUITests-checkManifestLockResult.txt",
			);
			runOnlyForDeploymentPostprocessing = 0;
			shellPath = /bin/sh;
			shellScript = "diff \"${PODS_PODFILE_DIR_PATH}/Podfile.lock\" \"${PODS_ROOT}/Manifest.lock\" > /dev/null\nif [ $? != 0 ] ; then\n    # print error to STDERR\n    echo \"error: The sandbox is not in sync with the Podfile.lock. Run 'pod install' or update your CocoaPods installation.\" >&2\n    exit 1\nfi\n# This output is used by Xcode 'outputs' to avoid re-running this script phase.\necho \"SUCCESS\" > \"${SCRIPT_OUTPUT_FILE_0}\"\n";
			showEnvVarsInLog = 0;
		};
/* End PBXShellScriptBuildPhase section */

/* Begin PBXSourcesBuildPhase section */
		E4A10EF42083E5E6008A0286 /* Sources */ = {
			isa = PBXSourcesBuildPhase;
			buildActionMask = 2147483647;
			files = (
				E4091E0B2087AD1700311766 /* GiphyCollectionViewCell.swift in Sources */,
				E4A10EFE2083E5E6008A0286 /* ViewController.swift in Sources */,
				E4091E122087D46F00311766 /* GiphyViewModel.swift in Sources */,
				E4091E092087A91800311766 /* TrendingCollectionViewController.swift in Sources */,
				E4A10EFC2083E5E6008A0286 /* AppDelegate.swift in Sources */,
				E4091E102087D46F00311766 /* GiphyGif.swift in Sources */,
				E4091E142087D46F00311766 /* GiphyAPIManager.swift in Sources */,
				E42B95422087EC99004655B8 /* GiphyDetailViewController.swift in Sources */,
				E4091E162087D46F00311766 /* GiphyImage.swift in Sources */,
			);
			runOnlyForDeploymentPostprocessing = 0;
		};
		E4A10F082083E5E6008A0286 /* Sources */ = {
			isa = PBXSourcesBuildPhase;
			buildActionMask = 2147483647;
			files = (
				E4091E112087D46F00311766 /* GiphyGif.swift in Sources */,
				E4A10F112083E5E6008A0286 /* GiphyViewerTests.swift in Sources */,
				E4091E152087D46F00311766 /* GiphyAPIManager.swift in Sources */,
				E4091E172087D46F00311766 /* GiphyImage.swift in Sources */,
				E4091E132087D46F00311766 /* GiphyViewModel.swift in Sources */,
			);
			runOnlyForDeploymentPostprocessing = 0;
		};
		E4A10F132083E5E6008A0286 /* Sources */ = {
			isa = PBXSourcesBuildPhase;
			buildActionMask = 2147483647;
			files = (
				E4A10F1C2083E5E6008A0286 /* GiphyViewerUITests.swift in Sources */,
			);
			runOnlyForDeploymentPostprocessing = 0;
		};
/* End PBXSourcesBuildPhase section */

/* Begin PBXTargetDependency section */
		E4A10F0E2083E5E6008A0286 /* PBXTargetDependency */ = {
			isa = PBXTargetDependency;
			target = E4A10EF72083E5E6008A0286 /* GiphyViewer */;
			targetProxy = E4A10F0D2083E5E6008A0286 /* PBXContainerItemProxy */;
		};
		E4A10F192083E5E6008A0286 /* PBXTargetDependency */ = {
			isa = PBXTargetDependency;
			target = E4A10EF72083E5E6008A0286 /* GiphyViewer */;
			targetProxy = E4A10F182083E5E6008A0286 /* PBXContainerItemProxy */;
		};
/* End PBXTargetDependency section */

/* Begin PBXVariantGroup section */
		E4A10EFF2083E5E6008A0286 /* Main.storyboard */ = {
			isa = PBXVariantGroup;
			children = (
				E4A10F002083E5E6008A0286 /* Base */,
			);
			name = Main.storyboard;
			sourceTree = "<group>";
		};
		E4A10F042083E5E6008A0286 /* LaunchScreen.storyboard */ = {
			isa = PBXVariantGroup;
			children = (
				E4A10F052083E5E6008A0286 /* Base */,
			);
			name = LaunchScreen.storyboard;
			sourceTree = "<group>";
		};
/* End PBXVariantGroup section */

/* Begin XCBuildConfiguration section */
		E4A10F1E2083E5E6008A0286 /* Debug */ = {
			isa = XCBuildConfiguration;
			buildSettings = {
				ALWAYS_SEARCH_USER_PATHS = NO;
				CLANG_ANALYZER_NONNULL = YES;
				CLANG_ANALYZER_NUMBER_OBJECT_CONVERSION = YES_AGGRESSIVE;
				CLANG_CXX_LANGUAGE_STANDARD = "gnu++14";
				CLANG_CXX_LIBRARY = "libc++";
				CLANG_ENABLE_MODULES = YES;
				CLANG_ENABLE_OBJC_ARC = YES;
				CLANG_WARN_BLOCK_CAPTURE_AUTORELEASING = YES;
				CLANG_WARN_BOOL_CONVERSION = YES;
				CLANG_WARN_COMMA = YES;
				CLANG_WARN_CONSTANT_CONVERSION = YES;
				CLANG_WARN_DIRECT_OBJC_ISA_USAGE = YES_ERROR;
				CLANG_WARN_DOCUMENTATION_COMMENTS = YES;
				CLANG_WARN_EMPTY_BODY = YES;
				CLANG_WARN_ENUM_CONVERSION = YES;
				CLANG_WARN_INFINITE_RECURSION = YES;
				CLANG_WARN_INT_CONVERSION = YES;
				CLANG_WARN_NON_LITERAL_NULL_CONVERSION = YES;
				CLANG_WARN_OBJC_LITERAL_CONVERSION = YES;
				CLANG_WARN_OBJC_ROOT_CLASS = YES_ERROR;
				CLANG_WARN_RANGE_LOOP_ANALYSIS = YES;
				CLANG_WARN_STRICT_PROTOTYPES = YES;
				CLANG_WARN_SUSPICIOUS_MOVE = YES;
				CLANG_WARN_UNGUARDED_AVAILABILITY = YES_AGGRESSIVE;
				CLANG_WARN_UNREACHABLE_CODE = YES;
				CLANG_WARN__DUPLICATE_METHOD_MATCH = YES;
				CODE_SIGN_IDENTITY = "iPhone Developer";
				COPY_PHASE_STRIP = NO;
				DEBUG_INFORMATION_FORMAT = dwarf;
				ENABLE_STRICT_OBJC_MSGSEND = YES;
				ENABLE_TESTABILITY = YES;
				GCC_C_LANGUAGE_STANDARD = gnu11;
				GCC_DYNAMIC_NO_PIC = NO;
				GCC_NO_COMMON_BLOCKS = YES;
				GCC_OPTIMIZATION_LEVEL = 0;
				GCC_PREPROCESSOR_DEFINITIONS = (
					"DEBUG=1",
					"$(inherited)",
				);
				GCC_WARN_64_TO_32_BIT_CONVERSION = YES;
				GCC_WARN_ABOUT_RETURN_TYPE = YES_ERROR;
				GCC_WARN_UNDECLARED_SELECTOR = YES;
				GCC_WARN_UNINITIALIZED_AUTOS = YES_AGGRESSIVE;
				GCC_WARN_UNUSED_FUNCTION = YES;
				GCC_WARN_UNUSED_VARIABLE = YES;
				IPHONEOS_DEPLOYMENT_TARGET = 11.2;
				MTL_ENABLE_DEBUG_INFO = YES;
				ONLY_ACTIVE_ARCH = YES;
				SDKROOT = iphoneos;
				SWIFT_ACTIVE_COMPILATION_CONDITIONS = DEBUG;
				SWIFT_OPTIMIZATION_LEVEL = "-Onone";
			};
			name = Debug;
		};
		E4A10F1F2083E5E6008A0286 /* Release */ = {
			isa = XCBuildConfiguration;
			buildSettings = {
				ALWAYS_SEARCH_USER_PATHS = NO;
				CLANG_ANALYZER_NONNULL = YES;
				CLANG_ANALYZER_NUMBER_OBJECT_CONVERSION = YES_AGGRESSIVE;
				CLANG_CXX_LANGUAGE_STANDARD = "gnu++14";
				CLANG_CXX_LIBRARY = "libc++";
				CLANG_ENABLE_MODULES = YES;
				CLANG_ENABLE_OBJC_ARC = YES;
				CLANG_WARN_BLOCK_CAPTURE_AUTORELEASING = YES;
				CLANG_WARN_BOOL_CONVERSION = YES;
				CLANG_WARN_COMMA = YES;
				CLANG_WARN_CONSTANT_CONVERSION = YES;
				CLANG_WARN_DIRECT_OBJC_ISA_USAGE = YES_ERROR;
				CLANG_WARN_DOCUMENTATION_COMMENTS = YES;
				CLANG_WARN_EMPTY_BODY = YES;
				CLANG_WARN_ENUM_CONVERSION = YES;
				CLANG_WARN_INFINITE_RECURSION = YES;
				CLANG_WARN_INT_CONVERSION = YES;
				CLANG_WARN_NON_LITERAL_NULL_CONVERSION = YES;
				CLANG_WARN_OBJC_LITERAL_CONVERSION = YES;
				CLANG_WARN_OBJC_ROOT_CLASS = YES_ERROR;
				CLANG_WARN_RANGE_LOOP_ANALYSIS = YES;
				CLANG_WARN_STRICT_PROTOTYPES = YES;
				CLANG_WARN_SUSPICIOUS_MOVE = YES;
				CLANG_WARN_UNGUARDED_AVAILABILITY = YES_AGGRESSIVE;
				CLANG_WARN_UNREACHABLE_CODE = YES;
				CLANG_WARN__DUPLICATE_METHOD_MATCH = YES;
				CODE_SIGN_IDENTITY = "iPhone Developer";
				COPY_PHASE_STRIP = NO;
				DEBUG_INFORMATION_FORMAT = "dwarf-with-dsym";
				ENABLE_NS_ASSERTIONS = NO;
				ENABLE_STRICT_OBJC_MSGSEND = YES;
				GCC_C_LANGUAGE_STANDARD = gnu11;
				GCC_NO_COMMON_BLOCKS = YES;
				GCC_WARN_64_TO_32_BIT_CONVERSION = YES;
				GCC_WARN_ABOUT_RETURN_TYPE = YES_ERROR;
				GCC_WARN_UNDECLARED_SELECTOR = YES;
				GCC_WARN_UNINITIALIZED_AUTOS = YES_AGGRESSIVE;
				GCC_WARN_UNUSED_FUNCTION = YES;
				GCC_WARN_UNUSED_VARIABLE = YES;
				IPHONEOS_DEPLOYMENT_TARGET = 11.2;
				MTL_ENABLE_DEBUG_INFO = NO;
				SDKROOT = iphoneos;
				SWIFT_OPTIMIZATION_LEVEL = "-Owholemodule";
				VALIDATE_PRODUCT = YES;
			};
			name = Release;
		};
		E4A10F212083E5E6008A0286 /* Debug */ = {
			isa = XCBuildConfiguration;
			baseConfigurationReference = 8F642F88FA684E23FE41063E /* Pods-GiphyViewer.debug.xcconfig */;
			buildSettings = {
				ASSETCATALOG_COMPILER_APPICON_NAME = AppIcon;
				CODE_SIGN_STYLE = Automatic;
				DEVELOPMENT_TEAM = JNR6JL3MR6;
				INFOPLIST_FILE = GiphyViewer/Info.plist;
				LD_RUNPATH_SEARCH_PATHS = "$(inherited) @executable_path/Frameworks";
				PRODUCT_BUNDLE_IDENTIFIER = com.treasureberry.GiphyViewer;
				PRODUCT_NAME = "$(TARGET_NAME)";
				SWIFT_VERSION = 4.0;
				TARGETED_DEVICE_FAMILY = 1;
			};
			name = Debug;
		};
		E4A10F222083E5E6008A0286 /* Release */ = {
			isa = XCBuildConfiguration;
			baseConfigurationReference = 7E2978FDD0AABF2D705F380C /* Pods-GiphyViewer.release.xcconfig */;
			buildSettings = {
				ASSETCATALOG_COMPILER_APPICON_NAME = AppIcon;
				CODE_SIGN_STYLE = Automatic;
				DEVELOPMENT_TEAM = JNR6JL3MR6;
				INFOPLIST_FILE = GiphyViewer/Info.plist;
				LD_RUNPATH_SEARCH_PATHS = "$(inherited) @executable_path/Frameworks";
				PRODUCT_BUNDLE_IDENTIFIER = com.treasureberry.GiphyViewer;
				PRODUCT_NAME = "$(TARGET_NAME)";
				SWIFT_VERSION = 4.0;
				TARGETED_DEVICE_FAMILY = 1;
			};
			name = Release;
		};
		E4A10F242083E5E6008A0286 /* Debug */ = {
			isa = XCBuildConfiguration;
			baseConfigurationReference = F2DFC623F747F8A17B6D8E2C /* Pods-GiphyViewerTests.debug.xcconfig */;
			buildSettings = {
				ALWAYS_EMBED_SWIFT_STANDARD_LIBRARIES = YES;
				BUNDLE_LOADER = "$(TEST_HOST)";
				CODE_SIGN_STYLE = Automatic;
				DEVELOPMENT_TEAM = JNR6JL3MR6;
				INFOPLIST_FILE = GiphyViewerTests/Info.plist;
				LD_RUNPATH_SEARCH_PATHS = "$(inherited) @executable_path/Frameworks @loader_path/Frameworks";
				PRODUCT_BUNDLE_IDENTIFIER = com.treasureberry.GiphyViewerTests;
				PRODUCT_NAME = "$(TARGET_NAME)";
				SWIFT_VERSION = 4.0;
				TARGETED_DEVICE_FAMILY = "1,2";
				TEST_HOST = "$(BUILT_PRODUCTS_DIR)/GiphyViewer.app/GiphyViewer";
			};
			name = Debug;
		};
		E4A10F252083E5E6008A0286 /* Release */ = {
			isa = XCBuildConfiguration;
			baseConfigurationReference = 7B0CD60DB1B3F9105B35E570 /* Pods-GiphyViewerTests.release.xcconfig */;
			buildSettings = {
				ALWAYS_EMBED_SWIFT_STANDARD_LIBRARIES = YES;
				BUNDLE_LOADER = "$(TEST_HOST)";
				CODE_SIGN_STYLE = Automatic;
				DEVELOPMENT_TEAM = JNR6JL3MR6;
				INFOPLIST_FILE = GiphyViewerTests/Info.plist;
				LD_RUNPATH_SEARCH_PATHS = "$(inherited) @executable_path/Frameworks @loader_path/Frameworks";
				PRODUCT_BUNDLE_IDENTIFIER = com.treasureberry.GiphyViewerTests;
				PRODUCT_NAME = "$(TARGET_NAME)";
				SWIFT_VERSION = 4.0;
				TARGETED_DEVICE_FAMILY = "1,2";
				TEST_HOST = "$(BUILT_PRODUCTS_DIR)/GiphyViewer.app/GiphyViewer";
			};
			name = Release;
		};
		E4A10F272083E5E6008A0286 /* Debug */ = {
			isa = XCBuildConfiguration;
			baseConfigurationReference = 275F332E46729ECBD7FBC351 /* Pods-GiphyViewerUITests.debug.xcconfig */;
			buildSettings = {
				ALWAYS_EMBED_SWIFT_STANDARD_LIBRARIES = YES;
				CODE_SIGN_STYLE = Automatic;
				DEVELOPMENT_TEAM = JNR6JL3MR6;
				INFOPLIST_FILE = GiphyViewerUITests/Info.plist;
				LD_RUNPATH_SEARCH_PATHS = "$(inherited) @executable_path/Frameworks @loader_path/Frameworks";
				PRODUCT_BUNDLE_IDENTIFIER = com.treasureberry.GiphyViewerUITests;
				PRODUCT_NAME = "$(TARGET_NAME)";
				SWIFT_VERSION = 4.0;
				TARGETED_DEVICE_FAMILY = "1,2";
				TEST_TARGET_NAME = GiphyViewer;
			};
			name = Debug;
		};
		E4A10F282083E5E6008A0286 /* Release */ = {
			isa = XCBuildConfiguration;
			baseConfigurationReference = 33665E6698872E0A52D86C9F /* Pods-GiphyViewerUITests.release.xcconfig */;
			buildSettings = {
				ALWAYS_EMBED_SWIFT_STANDARD_LIBRARIES = YES;
				CODE_SIGN_STYLE = Automatic;
				DEVELOPMENT_TEAM = JNR6JL3MR6;
				INFOPLIST_FILE = GiphyViewerUITests/Info.plist;
				LD_RUNPATH_SEARCH_PATHS = "$(inherited) @executable_path/Frameworks @loader_path/Frameworks";
				PRODUCT_BUNDLE_IDENTIFIER = com.treasureberry.GiphyViewerUITests;
				PRODUCT_NAME = "$(TARGET_NAME)";
				SWIFT_VERSION = 4.0;
				TARGETED_DEVICE_FAMILY = "1,2";
				TEST_TARGET_NAME = GiphyViewer;
			};
			name = Release;
		};
/* End XCBuildConfiguration section */

/* Begin XCConfigurationList section */
		E4A10EF32083E5E6008A0286 /* Build configuration list for PBXProject "GiphyViewer" */ = {
			isa = XCConfigurationList;
			buildConfigurations = (
				E4A10F1E2083E5E6008A0286 /* Debug */,
				E4A10F1F2083E5E6008A0286 /* Release */,
			);
			defaultConfigurationIsVisible = 0;
			defaultConfigurationName = Release;
		};
		E4A10F202083E5E6008A0286 /* Build configuration list for PBXNativeTarget "GiphyViewer" */ = {
			isa = XCConfigurationList;
			buildConfigurations = (
				E4A10F212083E5E6008A0286 /* Debug */,
				E4A10F222083E5E6008A0286 /* Release */,
			);
			defaultConfigurationIsVisible = 0;
			defaultConfigurationName = Release;
		};
		E4A10F232083E5E6008A0286 /* Build configuration list for PBXNativeTarget "GiphyViewerTests" */ = {
			isa = XCConfigurationList;
			buildConfigurations = (
				E4A10F242083E5E6008A0286 /* Debug */,
				E4A10F252083E5E6008A0286 /* Release */,
			);
			defaultConfigurationIsVisible = 0;
			defaultConfigurationName = Release;
		};
		E4A10F262083E5E6008A0286 /* Build configuration list for PBXNativeTarget "GiphyViewerUITests" */ = {
			isa = XCConfigurationList;
			buildConfigurations = (
				E4A10F272083E5E6008A0286 /* Debug */,
				E4A10F282083E5E6008A0286 /* Release */,
			);
			defaultConfigurationIsVisible = 0;
			defaultConfigurationName = Release;
		};
/* End XCConfigurationList section */
	};
	rootObject = E4A10EF02083E5E6008A0286 /* Project object */;
}
